
Microsoft Visual Studio Solution File, Format Version 12.00
# Visual Studio 15
VisualStudioVersion = 15.0.27130.2010
MinimumVisualStudioVersion = 10.0.40219.1
Project("{8BC9CEB8-8B4A-11D0-8D11-00A0C91BC942}") = "51", "51\51.vcxproj", "{B582673C-D6CC-4B6A-81A3-1C3F50A56237}"
EndProject
Global
	GlobalSection(SolutionConfigurationPlatforms) = preSolution
		Debug|x64 = Debug|x64
		Debug|x86 = Debug|x86
		Release|x64 = Release|x64
		Release|x86 = Release|x86
	EndGlobalSection
	GlobalSection(ProjectConfigurationPlatforms) = postSolution
		{B582673C-D6CC-4B6A-81A3-1C3F50A56237}.Debug|x64.ActiveCfg = Debug|x64
		{B582673C-D6CC-4B6A-81A3-1C3F50A56237}.Debug|x64.Build.0 = Debug|x64
		{B582673C-D6CC-4B6A-81A3-1C3F50A56237}.Debug|x86.ActiveCfg = Debug|Win32
		{B582673C-D6CC-4B6A-81A3-1C3F50A56237}.Debug|x86.Build.0 = Debug|Win32
		{B582673C-D6CC-4B6A-81A3-1C3F50A56237}.Release|x64.ActiveCfg = Release|x64
		{B582673C-D6CC-4B6A-81A3-1C3F50A56237}.Release|x64.Build.0 = Release|x64
		{B582673C-D6CC-4B6A-81A3-1C3F50A56237}.Release|x86.ActiveCfg = Release|Win32
		{B582673C-D6CC-4B6A-81A3-1C3F50A56237}.Release|x86.Build.0 = Release|Win32
	EndGlobalSection
	GlobalSection(SolutionProperties) = preSolution
		HideSolutionNode = FALSE
	EndGlobalSection
	GlobalSection(ExtensibilityGlobals) = postSolution
		SolutionGuid = {DB432281-3154-4061-8906-A3710622EA75}
	EndGlobalSection
EndGlobal
