
Microsoft Visual Studio Solution File, Format Version 12.00
# Visual Studio 15
VisualStudioVersion = 15.0.27130.2010
MinimumVisualStudioVersion = 10.0.40219.1
Project("{8BC9CEB8-8B4A-11D0-8D11-00A0C91BC942}") = "039", "039\039.vcxproj", "{32FD1823-2D2C-4BC0-8631-FDC22A0E0619}"
EndProject
Global
	GlobalSection(SolutionConfigurationPlatforms) = preSolution
		Debug|x64 = Debug|x64
		Debug|x86 = Debug|x86
		Release|x64 = Release|x64
		Release|x86 = Release|x86
	EndGlobalSection
	GlobalSection(ProjectConfigurationPlatforms) = postSolution
		{32FD1823-2D2C-4BC0-8631-FDC22A0E0619}.Debug|x64.ActiveCfg = Debug|x64
		{32FD1823-2D2C-4BC0-8631-FDC22A0E0619}.Debug|x64.Build.0 = Debug|x64
		{32FD1823-2D2C-4BC0-8631-FDC22A0E0619}.Debug|x86.ActiveCfg = Debug|Win32
		{32FD1823-2D2C-4BC0-8631-FDC22A0E0619}.Debug|x86.Build.0 = Debug|Win32
		{32FD1823-2D2C-4BC0-8631-FDC22A0E0619}.Release|x64.ActiveCfg = Release|x64
		{32FD1823-2D2C-4BC0-8631-FDC22A0E0619}.Release|x64.Build.0 = Release|x64
		{32FD1823-2D2C-4BC0-8631-FDC22A0E0619}.Release|x86.ActiveCfg = Release|Win32
		{32FD1823-2D2C-4BC0-8631-FDC22A0E0619}.Release|x86.Build.0 = Release|Win32
	EndGlobalSection
	GlobalSection(SolutionProperties) = preSolution
		HideSolutionNode = FALSE
	EndGlobalSection
	GlobalSection(ExtensibilityGlobals) = postSolution
		SolutionGuid = {B4B959CF-8DDD-4B72-A831-030E9CE46ECB}
	EndGlobalSection
EndGlobal
