
Microsoft Visual Studio Solution File, Format Version 12.00
# Visual Studio 15
VisualStudioVersion = 15.0.27130.2010
MinimumVisualStudioVersion = 10.0.40219.1
Project("{8BC9CEB8-8B4A-11D0-8D11-00A0C91BC942}") = "257", "257\257.vcxproj", "{38A8E37D-693B-485E-8F8E-3A46046593A6}"
EndProject
Global
	GlobalSection(SolutionConfigurationPlatforms) = preSolution
		Debug|x64 = Debug|x64
		Debug|x86 = Debug|x86
		Release|x64 = Release|x64
		Release|x86 = Release|x86
	EndGlobalSection
	GlobalSection(ProjectConfigurationPlatforms) = postSolution
		{38A8E37D-693B-485E-8F8E-3A46046593A6}.Debug|x64.ActiveCfg = Debug|x64
		{38A8E37D-693B-485E-8F8E-3A46046593A6}.Debug|x64.Build.0 = Debug|x64
		{38A8E37D-693B-485E-8F8E-3A46046593A6}.Debug|x86.ActiveCfg = Debug|Win32
		{38A8E37D-693B-485E-8F8E-3A46046593A6}.Debug|x86.Build.0 = Debug|Win32
		{38A8E37D-693B-485E-8F8E-3A46046593A6}.Release|x64.ActiveCfg = Release|x64
		{38A8E37D-693B-485E-8F8E-3A46046593A6}.Release|x64.Build.0 = Release|x64
		{38A8E37D-693B-485E-8F8E-3A46046593A6}.Release|x86.ActiveCfg = Release|Win32
		{38A8E37D-693B-485E-8F8E-3A46046593A6}.Release|x86.Build.0 = Release|Win32
	EndGlobalSection
	GlobalSection(SolutionProperties) = preSolution
		HideSolutionNode = FALSE
	EndGlobalSection
	GlobalSection(ExtensibilityGlobals) = postSolution
		SolutionGuid = {3C53FF34-0C45-4D8F-9C46-7057ACCCB591}
	EndGlobalSection
EndGlobal
