
Microsoft Visual Studio Solution File, Format Version 12.00
# Visual Studio 15
VisualStudioVersion = 15.0.27130.2010
MinimumVisualStudioVersion = 10.0.40219.1
Project("{8BC9CEB8-8B4A-11D0-8D11-00A0C91BC942}") = "065", "065\065.vcxproj", "{12E3AC94-F51C-42F8-BFA5-33AFBCDF019D}"
EndProject
Global
	GlobalSection(SolutionConfigurationPlatforms) = preSolution
		Debug|x64 = Debug|x64
		Debug|x86 = Debug|x86
		Release|x64 = Release|x64
		Release|x86 = Release|x86
	EndGlobalSection
	GlobalSection(ProjectConfigurationPlatforms) = postSolution
		{12E3AC94-F51C-42F8-BFA5-33AFBCDF019D}.Debug|x64.ActiveCfg = Debug|x64
		{12E3AC94-F51C-42F8-BFA5-33AFBCDF019D}.Debug|x64.Build.0 = Debug|x64
		{12E3AC94-F51C-42F8-BFA5-33AFBCDF019D}.Debug|x86.ActiveCfg = Debug|Win32
		{12E3AC94-F51C-42F8-BFA5-33AFBCDF019D}.Debug|x86.Build.0 = Debug|Win32
		{12E3AC94-F51C-42F8-BFA5-33AFBCDF019D}.Release|x64.ActiveCfg = Release|x64
		{12E3AC94-F51C-42F8-BFA5-33AFBCDF019D}.Release|x64.Build.0 = Release|x64
		{12E3AC94-F51C-42F8-BFA5-33AFBCDF019D}.Release|x86.ActiveCfg = Release|Win32
		{12E3AC94-F51C-42F8-BFA5-33AFBCDF019D}.Release|x86.Build.0 = Release|Win32
	EndGlobalSection
	GlobalSection(SolutionProperties) = preSolution
		HideSolutionNode = FALSE
	EndGlobalSection
	GlobalSection(ExtensibilityGlobals) = postSolution
		SolutionGuid = {8B726AF5-9EC4-465F-9F27-4E6038A0DC8A}
	EndGlobalSection
EndGlobal
